
Microsoft Visual Studio Solution File, Format Version 12.00
# Visual Studio Version 17
VisualStudioVersion = 17.4.33213.308
MinimumVisualStudioVersion = 10.0.40219.1
Project("{FAE04EC0-301F-11D3-BF4B-00C04F79EFBC}") = "EmptyBlazorApp1", "EmptyBlazorApp1\EmptyBlazorApp1.csproj", "{E6F7D47F-2E6C-46FE-949D-E64E98DD3A3F}"
EndProject
Global
	GlobalSection(SolutionConfigurationPlatforms) = preSolution
		Debug|Any CPU = Debug|Any CPU
		Release|Any CPU = Release|Any CPU
	EndGlobalSection
	GlobalSection(ProjectConfigurationPlatforms) = postSolution
		{E6F7D47F-2E6C-46FE-949D-E64E98DD3A3F}.Debug|Any CPU.ActiveCfg = Debug|Any CPU
		{E6F7D47F-2E6C-46FE-949D-E64E98DD3A3F}.Debug|Any CPU.Build.0 = Debug|Any CPU
		{E6F7D47F-2E6C-46FE-949D-E64E98DD3A3F}.Release|Any CPU.ActiveCfg = Release|Any CPU
		{E6F7D47F-2E6C-46FE-949D-E64E98DD3A3F}.Release|Any CPU.Build.0 = Release|Any CPU
	EndGlobalSection
	GlobalSection(SolutionProperties) = preSolution
		HideSolutionNode = FALSE
	EndGlobalSection
	GlobalSection(ExtensibilityGlobals) = postSolution
		SolutionGuid = {BE739915-A819-497F-B4BF-96078815A82A}
	EndGlobalSection
EndGlobal
